
Microsoft Visual Studio Solution File, Format Version 12.00
# Visual Studio Version 16
VisualStudioVersion = 16.0.29609.76
MinimumVisualStudioVersion = 10.0.40219.1
Project("{FAE04EC0-301F-11D3-BF4B-00C04F79EFBC}") = "Entities", "Entities\Entities.csproj", "{1863D3CC-42F2-4649-A01F-886FF7ABA2FC}"
EndProject
Project("{FAE04EC0-301F-11D3-BF4B-00C04F79EFBC}") = "DataAccess", "DataAccess\DataAccess.csproj", "{082462E1-CF91-4224-9FB9-EEA4AA84B799}"
EndProject
Project("{FAE04EC0-301F-11D3-BF4B-00C04F79EFBC}") = "Business", "Business\Business.csproj", "{1C11D220-AE28-4FA9-838F-54D535394510}"
EndProject
Project("{FAE04EC0-301F-11D3-BF4B-00C04F79EFBC}") = "Core", "Core\Core.csproj", "{36590B07-44BD-4AFE-90EB-C9D4C07676F8}"
EndProject
Project("{FAE04EC0-301F-11D3-BF4B-00C04F79EFBC}") = "WebAPI", "WebAPI\WebAPI.csproj", "{6D282096-13B3-451E-8154-B865A4D4C3FA}"
EndProject
Global
	GlobalSection(SolutionConfigurationPlatforms) = preSolution
		Debug|Any CPU = Debug|Any CPU
		Release|Any CPU = Release|Any CPU
	EndGlobalSection
	GlobalSection(ProjectConfigurationPlatforms) = postSolution
		{1863D3CC-42F2-4649-A01F-886FF7ABA2FC}.Debug|Any CPU.ActiveCfg = Debug|Any CPU
		{1863D3CC-42F2-4649-A01F-886FF7ABA2FC}.Debug|Any CPU.Build.0 = Debug|Any CPU
		{1863D3CC-42F2-4649-A01F-886FF7ABA2FC}.Release|Any CPU.ActiveCfg = Release|Any CPU
		{1863D3CC-42F2-4649-A01F-886FF7ABA2FC}.Release|Any CPU.Build.0 = Release|Any CPU
		{082462E1-CF91-4224-9FB9-EEA4AA84B799}.Debug|Any CPU.ActiveCfg = Debug|Any CPU
		{082462E1-CF91-4224-9FB9-EEA4AA84B799}.Debug|Any CPU.Build.0 = Debug|Any CPU
		{082462E1-CF91-4224-9FB9-EEA4AA84B799}.Release|Any CPU.ActiveCfg = Release|Any CPU
		{082462E1-CF91-4224-9FB9-EEA4AA84B799}.Release|Any CPU.Build.0 = Release|Any CPU
		{1C11D220-AE28-4FA9-838F-54D535394510}.Debug|Any CPU.ActiveCfg = Debug|Any CPU
		{1C11D220-AE28-4FA9-838F-54D535394510}.Debug|Any CPU.Build.0 = Debug|Any CPU
		{1C11D220-AE28-4FA9-838F-54D535394510}.Release|Any CPU.ActiveCfg = Release|Any CPU
		{1C11D220-AE28-4FA9-838F-54D535394510}.Release|Any CPU.Build.0 = Release|Any CPU
		{36590B07-44BD-4AFE-90EB-C9D4C07676F8}.Debug|Any CPU.ActiveCfg = Debug|Any CPU
		{36590B07-44BD-4AFE-90EB-C9D4C07676F8}.Debug|Any CPU.Build.0 = Debug|Any CPU
		{36590B07-44BD-4AFE-90EB-C9D4C07676F8}.Release|Any CPU.ActiveCfg = Release|Any CPU
		{36590B07-44BD-4AFE-90EB-C9D4C07676F8}.Release|Any CPU.Build.0 = Release|Any CPU
		{6D282096-13B3-451E-8154-B865A4D4C3FA}.Debug|Any CPU.ActiveCfg = Debug|Any CPU
		{6D282096-13B3-451E-8154-B865A4D4C3FA}.Debug|Any CPU.Build.0 = Debug|Any CPU
		{6D282096-13B3-451E-8154-B865A4D4C3FA}.Release|Any CPU.ActiveCfg = Release|Any CPU
		{6D282096-13B3-451E-8154-B865A4D4C3FA}.Release|Any CPU.Build.0 = Release|Any CPU
	EndGlobalSection
	GlobalSection(SolutionProperties) = preSolution
		HideSolutionNode = FALSE
	EndGlobalSection
	GlobalSection(ExtensibilityGlobals) = postSolution
		SolutionGuid = {505C505C-6FD5-4AE2-9D94-1090457D332F}
	EndGlobalSection
EndGlobal
